{
  "object": {
    "pins": [
      {
        "package": "RxSwift",
        "repositoryURL": "https://github.com/ReactiveX/RxSwift.git",
        "state": {
          "branch": "main",
          "revision": "89325988e4d9caddcff62f201cc16888cb1c4bed",
          "version": null
        }
      }
    ]
  },
  "version": 1
}
